// !$*UTF8*$!
{
	archiveVersion = 1;
	classes = {
	};
	objectVersion = 46;
	objects = {

/* Begin PBXBuildFile section */
		F9F5F6C2199004E200671F4A /* Foundation.framework in Frameworks */ = {isa = PBXBuildFile; fileRef = F9F5F6C1199004E200671F4A /* Foundation.framework */; };
		F9F5F6C4199004E200671F4A /* CoreGraphics.framework in Frameworks */ = {isa = PBXBuildFile; fileRef = F9F5F6C3199004E200671F4A /* CoreGraphics.framework */; };
		F9F5F6C6199004E200671F4A /* UIKit.framework in Frameworks */ = {isa = PBXBuildFile; fileRef = F9F5F6C5199004E200671F4A /* UIKit.framework */; };
		F9F5F6CC199004E200671F4A /* InfoPlist.strings in Resources */ = {isa = PBXBuildFile; fileRef = F9F5F6CA199004E200671F4A /* InfoPlist.strings */; };
		F9F5F6CE199004E200671F4A /* main.m in Sources */ = {isa = PBXBuildFile; fileRef = F9F5F6CD199004E200671F4A /* main.m */; };
		F9F5F6D2199004E200671F4A /* AppDelegate.m in Sources */ = {isa = PBXBuildFile; fileRef = F9F5F6D1199004E200671F4A /* AppDelegate.m */; };
		F9F5F6D5199004E200671F4A /* Main.storyboard in Resources */ = {isa = PBXBuildFile; fileRef = F9F5F6D3199004E200671F4A /* Main.storyboard */; };
		F9F5F6D8199004E200671F4A /* ViewController.m in Sources */ = {isa = PBXBuildFile; fileRef = F9F5F6D7199004E200671F4A /* ViewController.m */; };
		F9F5F6DA199004E200671F4A /* Images.xcassets in Resources */ = {isa = PBXBuildFile; fileRef = F9F5F6D9199004E200671F4A /* Images.xcassets */; };
		F9F5F6E1199004E200671F4A /* XCTest.framework in Frameworks */ = {isa = PBXBuildFile; fileRef = F9F5F6E0199004E200671F4A /* XCTest.framework */; };
		F9F5F6E2199004E200671F4A /* Foundation.framework in Frameworks */ = {isa = PBXBuildFile; fileRef = F9F5F6C1199004E200671F4A /* Foundation.framework */; };
		F9F5F6E3199004E200671F4A /* UIKit.framework in Frameworks */ = {isa = PBXBuildFile; fileRef = F9F5F6C5199004E200671F4A /* UIKit.framework */; };
		F9F5F6EB199004E200671F4A /* InfoPlist.strings in Resources */ = {isa = PBXBuildFile; fileRef = F9F5F6E9199004E200671F4A /* InfoPlist.strings */; };
		F9F5F6ED199004E200671F4A /* MeetMeUpTests.m in Sources */ = {isa = PBXBuildFile; fileRef = F9F5F6EC199004E200671F4A /* MeetMeUpTests.m */; };
		F9F5F6F819903B0700671F4A /* EventDetailsViewController.m in Sources */ = {isa = PBXBuildFile; fileRef = F9F5F6F719903B0700671F4A /* EventDetailsViewController.m */; };
		F9F5F6FB19908D8500671F4A /* WebViewController.m in Sources */ = {isa = PBXBuildFile; fileRef = F9F5F6FA19908D8500671F4A /* WebViewController.m */; };
/* End PBXBuildFile section */

/* Begin PBXContainerItemProxy section */
		F9F5F6E4199004E200671F4A /* PBXContainerItemProxy */ = {
			isa = PBXContainerItemProxy;
			containerPortal = F9F5F6B6199004E200671F4A /* Project object */;
			proxyType = 1;
			remoteGlobalIDString = F9F5F6BD199004E200671F4A;
			remoteInfo = MeetMeUp;
		};
/* End PBXContainerItemProxy section */

/* Begin PBXFileReference section */
		F9F5F6BE199004E200671F4A /* MeetMeUp.app */ = {isa = PBXFileReference; explicitFileType = wrapper.application; includeInIndex = 0; path = MeetMeUp.app; sourceTree = BUILT_PRODUCTS_DIR; };
		F9F5F6C1199004E200671F4A /* Foundation.framework */ = {isa = PBXFileReference; lastKnownFileType = wrapper.framework; name = Foundation.framework; path = System/Library/Frameworks/Foundation.framework; sourceTree = SDKROOT; };
		F9F5F6C3199004E200671F4A /* CoreGraphics.framework */ = {isa = PBXFileReference; lastKnownFileType = wrapper.framework; name = CoreGraphics.framework; path = System/Library/Frameworks/CoreGraphics.framework; sourceTree = SDKROOT; };
		F9F5F6C5199004E200671F4A /* UIKit.framework */ = {isa = PBXFileReference; lastKnownFileType = wrapper.framework; name = UIKit.framework; path = System/Library/Frameworks/UIKit.framework; sourceTree = SDKROOT; };
		F9F5F6C9199004E200671F4A /* MeetMeUp-Info.plist */ = {isa = PBXFileReference; lastKnownFileType = text.plist.xml; path = "MeetMeUp-Info.plist"; sourceTree = "<group>"; };
		F9F5F6CB199004E200671F4A /* en */ = {isa = PBXFileReference; lastKnownFileType = text.plist.strings; name = en; path = en.lproj/InfoPlist.strings; sourceTree = "<group>"; };
		F9F5F6CD199004E200671F4A /* main.m */ = {isa = PBXFileReference; lastKnownFileType = sourcecode.c.objc; path = main.m; sourceTree = "<group>"; };
		F9F5F6CF199004E200671F4A /* MeetMeUp-Prefix.pch */ = {isa = PBXFileReference; lastKnownFileType = sourcecode.c.h; path = "MeetMeUp-Prefix.pch"; sourceTree = "<group>"; };
		F9F5F6D0199004E200671F4A /* AppDelegate.h */ = {isa = PBXFileReference; lastKnownFileType = sourcecode.c.h; path = AppDelegate.h; sourceTree = "<group>"; };
		F9F5F6D1199004E200671F4A /* AppDelegate.m */ = {isa = PBXFileReference; lastKnownFileType = sourcecode.c.objc; path = AppDelegate.m; sourceTree = "<group>"; };
		F9F5F6D4199004E200671F4A /* Base */ = {isa = PBXFileReference; lastKnownFileType = file.storyboard; name = Base; path = Base.lproj/Main.storyboard; sourceTree = "<group>"; };
		F9F5F6D6199004E200671F4A /* ViewController.h */ = {isa = PBXFileReference; lastKnownFileType = sourcecode.c.h; path = ViewController.h; sourceTree = "<group>"; };
		F9F5F6D7199004E200671F4A /* ViewController.m */ = {isa = PBXFileReference; lastKnownFileType = sourcecode.c.objc; path = ViewController.m; sourceTree = "<group>"; };
		F9F5F6D9199004E200671F4A /* Images.xcassets */ = {isa = PBXFileReference; lastKnownFileType = folder.assetcatalog; path = Images.xcassets; sourceTree = "<group>"; };
		F9F5F6DF199004E200671F4A /* MeetMeUpTests.xctest */ = {isa = PBXFileReference; explicitFileType = wrapper.cfbundle; includeInIndex = 0; path = MeetMeUpTests.xctest; sourceTree = BUILT_PRODUCTS_DIR; };
		F9F5F6E0199004E200671F4A /* XCTest.framework */ = {isa = PBXFileReference; lastKnownFileType = wrapper.framework; name = XCTest.framework; path = Library/Frameworks/XCTest.framework; sourceTree = DEVELOPER_DIR; };
		F9F5F6E8199004E200671F4A /* MeetMeUpTests-Info.plist */ = {isa = PBXFileReference; lastKnownFileType = text.plist.xml; path = "MeetMeUpTests-Info.plist"; sourceTree = "<group>"; };
		F9F5F6EA199004E200671F4A /* en */ = {isa = PBXFileReference; lastKnownFileType = text.plist.strings; name = en; path = en.lproj/InfoPlist.strings; sourceTree = "<group>"; };
		F9F5F6EC199004E200671F4A /* MeetMeUpTests.m */ = {isa = PBXFileReference; lastKnownFileType = sourcecode.c.objc; path = MeetMeUpTests.m; sourceTree = "<group>"; };
		F9F5F6F619903B0600671F4A /* EventDetailsViewController.h */ = {isa = PBXFileReference; fileEncoding = 4; lastKnownFileType = sourcecode.c.h; path = EventDetailsViewController.h; sourceTree = "<group>"; };
		F9F5F6F719903B0700671F4A /* EventDetailsViewController.m */ = {isa = PBXFileReference; fileEncoding = 4; lastKnownFileType = sourcecode.c.objc; path = EventDetailsViewController.m; sourceTree = "<group>"; };
		F9F5F6F919908D8500671F4A /* WebViewController.h */ = {isa = PBXFileReference; fileEncoding = 4; lastKnownFileType = sourcecode.c.h; path = WebViewController.h; sourceTree = "<group>"; };
		F9F5F6FA19908D8500671F4A /* WebViewController.m */ = {isa = PBXFileReference; fileEncoding = 4; lastKnownFileType = sourcecode.c.objc; path = WebViewController.m; sourceTree = "<group>"; };
/* End PBXFileReference section */

/* Begin PBXFrameworksBuildPhase section */
		F9F5F6BB199004E200671F4A /* Frameworks */ = {
			isa = PBXFrameworksBuildPhase;
			buildActionMask = 2147483647;
			files = (
				F9F5F6C4199004E200671F4A /* CoreGraphics.framework in Frameworks */,
				F9F5F6C6199004E200671F4A /* UIKit.framework in Frameworks */,
				F9F5F6C2199004E200671F4A /* Foundation.framework in Frameworks */,
			);
			runOnlyForDeploymentPostprocessing = 0;
		};
		F9F5F6DC199004E200671F4A /* Frameworks */ = {
			isa = PBXFrameworksBuildPhase;
			buildActionMask = 2147483647;
			files = (
				F9F5F6E1199004E200671F4A /* XCTest.framework in Frameworks */,
				F9F5F6E3199004E200671F4A /* UIKit.framework in Frameworks */,
				F9F5F6E2199004E200671F4A /* Foundation.framework in Frameworks */,
			);
			runOnlyForDeploymentPostprocessing = 0;
		};
/* End PBXFrameworksBuildPhase section */

/* Begin PBXGroup section */
		F9F5F6B5199004E200671F4A = {
			isa = PBXGroup;
			children = (
				F9F5F6C7199004E200671F4A /* MeetMeUp */,
				F9F5F6E6199004E200671F4A /* MeetMeUpTests */,
				F9F5F6C0199004E200671F4A /* Frameworks */,
				F9F5F6BF199004E200671F4A /* Products */,
			);
			sourceTree = "<group>";
		};
		F9F5F6BF199004E200671F4A /* Products */ = {
			isa = PBXGroup;
			children = (
				F9F5F6BE199004E200671F4A /* MeetMeUp.app */,
				F9F5F6DF199004E200671F4A /* MeetMeUpTests.xctest */,
			);
			name = Products;
			sourceTree = "<group>";
		};
		F9F5F6C0199004E200671F4A /* Frameworks */ = {
			isa = PBXGroup;
			children = (
				F9F5F6C1199004E200671F4A /* Foundation.framework */,
				F9F5F6C3199004E200671F4A /* CoreGraphics.framework */,
				F9F5F6C5199004E200671F4A /* UIKit.framework */,
				F9F5F6E0199004E200671F4A /* XCTest.framework */,
			);
			name = Frameworks;
			sourceTree = "<group>";
		};
		F9F5F6C7199004E200671F4A /* MeetMeUp */ = {
			isa = PBXGroup;
			children = (
				F9F5F6D0199004E200671F4A /* AppDelegate.h */,
				F9F5F6D1199004E200671F4A /* AppDelegate.m */,
				F9F5F6D3199004E200671F4A /* Main.storyboard */,
				F9F5F6D6199004E200671F4A /* ViewController.h */,
				F9F5F6D7199004E200671F4A /* ViewController.m */,
				F9F5F6D9199004E200671F4A /* Images.xcassets */,
				F9F5F6C8199004E200671F4A /* Supporting Files */,
				F9F5F6F619903B0600671F4A /* EventDetailsViewController.h */,
				F9F5F6F719903B0700671F4A /* EventDetailsViewController.m */,
				F9F5F6F919908D8500671F4A /* WebViewController.h */,
				F9F5F6FA19908D8500671F4A /* WebViewController.m */,
			);
			path = MeetMeUp;
			sourceTree = "<group>";
		};
		F9F5F6C8199004E200671F4A /* Supporting Files */ = {
			isa = PBXGroup;
			children = (
				F9F5F6C9199004E200671F4A /* MeetMeUp-Info.plist */,
				F9F5F6CA199004E200671F4A /* InfoPlist.strings */,
				F9F5F6CD199004E200671F4A /* main.m */,
				F9F5F6CF199004E200671F4A /* MeetMeUp-Prefix.pch */,
			);
			name = "Supporting Files";
			sourceTree = "<group>";
		};
		F9F5F6E6199004E200671F4A /* MeetMeUpTests */ = {
			isa = PBXGroup;
			children = (
				F9F5F6EC199004E200671F4A /* MeetMeUpTests.m */,
				F9F5F6E7199004E200671F4A /* Supporting Files */,
			);
			path = MeetMeUpTests;
			sourceTree = "<group>";
		};
		F9F5F6E7199004E200671F4A /* Supporting Files */ = {
			isa = PBXGroup;
			children = (
				F9F5F6E8199004E200671F4A /* MeetMeUpTests-Info.plist */,
				F9F5F6E9199004E200671F4A /* InfoPlist.strings */,
			);
			name = "Supporting Files";
			sourceTree = "<group>";
		};
/* End PBXGroup section */

/* Begin PBXNativeTarget section */
		F9F5F6BD199004E200671F4A /* MeetMeUp */ = {
			isa = PBXNativeTarget;
			buildConfigurationList = F9F5F6F0199004E200671F4A /* Build configuration list for PBXNativeTarget "MeetMeUp" */;
			buildPhases = (
				F9F5F6BA199004E200671F4A /* Sources */,
				F9F5F6BB199004E200671F4A /* Frameworks */,
				F9F5F6BC199004E200671F4A /* Resources */,
			);
			buildRules = (
			);
			dependencies = (
			);
			name = MeetMeUp;
			productName = MeetMeUp;
			productReference = F9F5F6BE199004E200671F4A /* MeetMeUp.app */;
			productType = "com.apple.product-type.application";
		};
		F9F5F6DE199004E200671F4A /* MeetMeUpTests */ = {
			isa = PBXNativeTarget;
			buildConfigurationList = F9F5F6F3199004E200671F4A /* Build configuration list for PBXNativeTarget "MeetMeUpTests" */;
			buildPhases = (
				F9F5F6DB199004E200671F4A /* Sources */,
				F9F5F6DC199004E200671F4A /* Frameworks */,
				F9F5F6DD199004E200671F4A /* Resources */,
			);
			buildRules = (
			);
			dependencies = (
				F9F5F6E5199004E200671F4A /* PBXTargetDependency */,
			);
			name = MeetMeUpTests;
			productName = MeetMeUpTests;
			productReference = F9F5F6DF199004E200671F4A /* MeetMeUpTests.xctest */;
			productType = "com.apple.product-type.bundle.unit-test";
		};
/* End PBXNativeTarget section */

/* Begin PBXProject section */
		F9F5F6B6199004E200671F4A /* Project object */ = {
			isa = PBXProject;
			attributes = {
				LastUpgradeCheck = 0510;
				ORGANIZATIONNAME = "___FULLUSERNAME___";
				TargetAttributes = {
					F9F5F6DE199004E200671F4A = {
						TestTargetID = F9F5F6BD199004E200671F4A;
					};
				};
			};
			buildConfigurationList = F9F5F6B9199004E200671F4A /* Build configuration list for PBXProject "MeetMeUp" */;
			compatibilityVersion = "Xcode 3.2";
			developmentRegion = English;
			hasScannedForEncodings = 0;
			knownRegions = (
				en,
				Base,
			);
			mainGroup = F9F5F6B5199004E200671F4A;
			productRefGroup = F9F5F6BF199004E200671F4A /* Products */;
			projectDirPath = "";
			projectRoot = "";
			targets = (
				F9F5F6BD199004E200671F4A /* MeetMeUp */,
				F9F5F6DE199004E200671F4A /* MeetMeUpTests */,
			);
		};
/* End PBXProject section */

/* Begin PBXResourcesBuildPhase section */
		F9F5F6BC199004E200671F4A /* Resources */ = {
			isa = PBXResourcesBuildPhase;
			buildActionMask = 2147483647;
			files = (
				F9F5F6DA199004E200671F4A /* Images.xcassets in Resources */,
				F9F5F6CC199004E200671F4A /* InfoPlist.strings in Resources */,
				F9F5F6D5199004E200671F4A /* Main.storyboard in Resources */,
			);
			runOnlyForDeploymentPostprocessing = 0;
		};
		F9F5F6DD199004E200671F4A /* Resources */ = {
			isa = PBXResourcesBuildPhase;
			buildActionMask = 2147483647;
			files = (
				F9F5F6EB199004E200671F4A /* InfoPlist.strings in Resources */,
			);
			runOnlyForDeploymentPostprocessing = 0;
		};
/* End PBXResourcesBuildPhase section */

/* Begin PBXSourcesBuildPhase section */
		F9F5F6BA199004E200671F4A /* Sources */ = {
			isa = PBXSourcesBuildPhase;
			buildActionMask = 2147483647;
			files = (
				F9F5F6D8199004E200671F4A /* ViewController.m in Sources */,
				F9F5F6FB19908D8500671F4A /* WebViewController.m in Sources */,
				F9F5F6D2199004E200671F4A /* AppDelegate.m in Sources */,
				F9F5F6F819903B0700671F4A /* EventDetailsViewController.m in Sources */,
				F9F5F6CE199004E200671F4A /* main.m in Sources */,
			);
			runOnlyForDeploymentPostprocessing = 0;
		};
		F9F5F6DB199004E200671F4A /* Sources */ = {
			isa = PBXSourcesBuildPhase;
			buildActionMask = 2147483647;
			files = (
				F9F5F6ED199004E200671F4A /* MeetMeUpTests.m in Sources */,
			);
			runOnlyForDeploymentPostprocessing = 0;
		};
/* End PBXSourcesBuildPhase section */

/* Begin PBXTargetDependency section */
		F9F5F6E5199004E200671F4A /* PBXTargetDependency */ = {
			isa = PBXTargetDependency;
			target = F9F5F6BD199004E200671F4A /* MeetMeUp */;
			targetProxy = F9F5F6E4199004E200671F4A /* PBXContainerItemProxy */;
		};
/* End PBXTargetDependency section */

/* Begin PBXVariantGroup section */
		F9F5F6CA199004E200671F4A /* InfoPlist.strings */ = {
			isa = PBXVariantGroup;
			children = (
				F9F5F6CB199004E200671F4A /* en */,
			);
			name = InfoPlist.strings;
			sourceTree = "<group>";
		};
		F9F5F6D3199004E200671F4A /* Main.storyboard */ = {
			isa = PBXVariantGroup;
			children = (
				F9F5F6D4199004E200671F4A /* Base */,
			);
			name = Main.storyboard;
			sourceTree = "<group>";
		};
		F9F5F6E9199004E200671F4A /* InfoPlist.strings */ = {
			isa = PBXVariantGroup;
			children = (
				F9F5F6EA199004E200671F4A /* en */,
			);
			name = InfoPlist.strings;
			sourceTree = "<group>";
		};
/* End PBXVariantGroup section */

/* Begin XCBuildConfiguration section */
		F9F5F6EE199004E200671F4A /* Debug */ = {
			isa = XCBuildConfiguration;
			buildSettings = {
				ALWAYS_SEARCH_USER_PATHS = NO;
				CLANG_CXX_LANGUAGE_STANDARD = "gnu++0x";
				CLANG_CXX_LIBRARY = "libc++";
				CLANG_ENABLE_MODULES = YES;
				CLANG_ENABLE_OBJC_ARC = YES;
				CLANG_WARN_BOOL_CONVERSION = YES;
				CLANG_WARN_CONSTANT_CONVERSION = YES;
				CLANG_WARN_DIRECT_OBJC_ISA_USAGE = YES_ERROR;
				CLANG_WARN_EMPTY_BODY = YES;
				CLANG_WARN_ENUM_CONVERSION = YES;
				CLANG_WARN_INT_CONVERSION = YES;
				CLANG_WARN_OBJC_ROOT_CLASS = YES_ERROR;
				CLANG_WARN__DUPLICATE_METHOD_MATCH = YES;
				"CODE_SIGN_IDENTITY[sdk=iphoneos*]" = "iPhone Developer";
				COPY_PHASE_STRIP = NO;
				GCC_C_LANGUAGE_STANDARD = gnu99;
				GCC_DYNAMIC_NO_PIC = NO;
				GCC_OPTIMIZATION_LEVEL = 0;
				GCC_PREPROCESSOR_DEFINITIONS = (
					"DEBUG=1",
					"$(inherited)",
				);
				GCC_SYMBOLS_PRIVATE_EXTERN = NO;
				GCC_WARN_64_TO_32_BIT_CONVERSION = YES;
				GCC_WARN_ABOUT_RETURN_TYPE = YES_ERROR;
				GCC_WARN_UNDECLARED_SELECTOR = YES;
				GCC_WARN_UNINITIALIZED_AUTOS = YES_AGGRESSIVE;
				GCC_WARN_UNUSED_FUNCTION = YES;
				GCC_WARN_UNUSED_VARIABLE = YES;
				IPHONEOS_DEPLOYMENT_TARGET = 7.1;
				ONLY_ACTIVE_ARCH = YES;
				SDKROOT = iphoneos;
			};
			name = Debug;
		};
		F9F5F6EF199004E200671F4A /* Release */ = {
			isa = XCBuildConfiguration;
			buildSettings = {
				ALWAYS_SEARCH_USER_PATHS = NO;
				CLANG_CXX_LANGUAGE_STANDARD = "gnu++0x";
				CLANG_CXX_LIBRARY = "libc++";
				CLANG_ENABLE_MODULES = YES;
				CLANG_ENABLE_OBJC_ARC = YES;
				CLANG_WARN_BOOL_CONVERSION = YES;
				CLANG_WARN_CONSTANT_CONVERSION = YES;
				CLANG_WARN_DIRECT_OBJC_ISA_USAGE = YES_ERROR;
				CLANG_WARN_EMPTY_BODY = YES;
				CLANG_WARN_ENUM_CONVERSION = YES;
				CLANG_WARN_INT_CONVERSION = YES;
				CLANG_WARN_OBJC_ROOT_CLASS = YES_ERROR;
				CLANG_WARN__DUPLICATE_METHOD_MATCH = YES;
				"CODE_SIGN_IDENTITY[sdk=iphoneos*]" = "iPhone Developer";
				COPY_PHASE_STRIP = YES;
				ENABLE_NS_ASSERTIONS = NO;
				GCC_C_LANGUAGE_STANDARD = gnu99;
				GCC_WARN_64_TO_32_BIT_CONVERSION = YES;
				GCC_WARN_ABOUT_RETURN_TYPE = YES_ERROR;
				GCC_WARN_UNDECLARED_SELECTOR = YES;
				GCC_WARN_UNINITIALIZED_AUTOS = YES_AGGRESSIVE;
				GCC_WARN_UNUSED_FUNCTION = YES;
				GCC_WARN_UNUSED_VARIABLE = YES;
				IPHONEOS_DEPLOYMENT_TARGET = 7.1;
				SDKROOT = iphoneos;
				VALIDATE_PRODUCT = YES;
			};
			name = Release;
		};
		F9F5F6F1199004E200671F4A /* Debug */ = {
			isa = XCBuildConfiguration;
			buildSettings = {
				ASSETCATALOG_COMPILER_APPICON_NAME = AppIcon;
				ASSETCATALOG_COMPILER_LAUNCHIMAGE_NAME = LaunchImage;
				GCC_PRECOMPILE_PREFIX_HEADER = YES;
				GCC_PREFIX_HEADER = "MeetMeUp/MeetMeUp-Prefix.pch";
				INFOPLIST_FILE = "MeetMeUp/MeetMeUp-Info.plist";
				PRODUCT_NAME = "$(TARGET_NAME)";
				WRAPPER_EXTENSION = app;
			};
			name = Debug;
		};
		F9F5F6F2199004E200671F4A /* Release */ = {
			isa = XCBuildConfiguration;
			buildSettings = {
				ASSETCATALOG_COMPILER_APPICON_NAME = AppIcon;
				ASSETCATALOG_COMPILER_LAUNCHIMAGE_NAME = LaunchImage;
				GCC_PRECOMPILE_PREFIX_HEADER = YES;
				GCC_PREFIX_HEADER = "MeetMeUp/MeetMeUp-Prefix.pch";
				INFOPLIST_FILE = "MeetMeUp/MeetMeUp-Info.plist";
				PRODUCT_NAME = "$(TARGET_NAME)";
				WRAPPER_EXTENSION = app;
			};
			name = Release;
		};
		F9F5F6F4199004E200671F4A /* Debug */ = {
			isa = XCBuildConfiguration;
			buildSettings = {
				BUNDLE_LOADER = "$(BUILT_PRODUCTS_DIR)/MeetMeUp.app/MeetMeUp";
				FRAMEWORK_SEARCH_PATHS = (
					"$(SDKROOT)/Developer/Library/Frameworks",
					"$(inherited)",
					"$(DEVELOPER_FRAMEWORKS_DIR)",
				);
				GCC_PRECOMPILE_PREFIX_HEADER = YES;
				GCC_PREFIX_HEADER = "MeetMeUp/MeetMeUp-Prefix.pch";
				GCC_PREPROCESSOR_DEFINITIONS = (
					"DEBUG=1",
					"$(inherited)",
				);
				INFOPLIST_FILE = "MeetMeUpTests/MeetMeUpTests-Info.plist";
				PRODUCT_NAME = "$(TARGET_NAME)";
				TEST_HOST = "$(BUNDLE_LOADER)";
				WRAPPER_EXTENSION = xctest;
			};
			name = Debug;
		};
		F9F5F6F5199004E200671F4A /* Release */ = {
			isa = XCBuildConfiguration;
			buildSettings = {
				BUNDLE_LOADER = "$(BUILT_PRODUCTS_DIR)/MeetMeUp.app/MeetMeUp";
				FRAMEWORK_SEARCH_PATHS = (
					"$(SDKROOT)/Developer/Library/Frameworks",
					"$(inherited)",
					"$(DEVELOPER_FRAMEWORKS_DIR)",
				);
				GCC_PRECOMPILE_PREFIX_HEADER = YES;
				GCC_PREFIX_HEADER = "MeetMeUp/MeetMeUp-Prefix.pch";
				INFOPLIST_FILE = "MeetMeUpTests/MeetMeUpTests-Info.plist";
				PRODUCT_NAME = "$(TARGET_NAME)";
				TEST_HOST = "$(BUNDLE_LOADER)";
				WRAPPER_EXTENSION = xctest;
			};
			name = Release;
		};
/* End XCBuildConfiguration section */

/* Begin XCConfigurationList section */
		F9F5F6B9199004E200671F4A /* Build configuration list for PBXProject "MeetMeUp" */ = {
			isa = XCConfigurationList;
			buildConfigurations = (
				F9F5F6EE199004E200671F4A /* Debug */,
				F9F5F6EF199004E200671F4A /* Release */,
			);
			defaultConfigurationIsVisible = 0;
			defaultConfigurationName = Release;
		};
		F9F5F6F0199004E200671F4A /* Build configuration list for PBXNativeTarget "MeetMeUp" */ = {
			isa = XCConfigurationList;
			buildConfigurations = (
				F9F5F6F1199004E200671F4A /* Debug */,
				F9F5F6F2199004E200671F4A /* Release */,
			);
			defaultConfigurationIsVisible = 0;
			defaultConfigurationName = Release;
		};
		F9F5F6F3199004E200671F4A /* Build configuration list for PBXNativeTarget "MeetMeUpTests" */ = {
			isa = XCConfigurationList;
			buildConfigurations = (
				F9F5F6F4199004E200671F4A /* Debug */,
				F9F5F6F5199004E200671F4A /* Release */,
			);
			defaultConfigurationIsVisible = 0;
			defaultConfigurationName = Release;
		};
/* End XCConfigurationList section */
	};
	rootObject = F9F5F6B6199004E200671F4A /* Project object */;
}
